
Microsoft Visual Studio Solution File, Format Version 11.00
# Visual Studio 2010
Project("{8BC9CEB8-8B4A-11D0-8D11-00A0C91BC942}") = "MsgCenterTest", "MsgCenterTest\MsgCenterTest.vcxproj", "{7E2769AF-1414-44D5-8F31-2FBD9B23D11D}"
EndProject
Project("{8BC9CEB8-8B4A-11D0-8D11-00A0C91BC942}") = "MsgCenter", "MsgCenter\MsgCenter.vcxproj", "{7F05F8CE-FC78-422E-AE1F-BBFDDB84D7D3}"
EndProject
Project("{8BC9CEB8-8B4A-11D0-8D11-00A0C91BC942}") = "MsgClient", "MsgClient\MsgClient.vcxproj", "{D105F973-467F-4BAB-A74A-20EA0FABD5A1}"
EndProject
Project("{8BC9CEB8-8B4A-11D0-8D11-00A0C91BC942}") = "MsgClientTest", "MsgClientTest\MsgClientTest.vcxproj", "{ACD13FB5-5039-47AA-B0CB-B50AFD7D2CF2}"
EndProject
Project("{2150E333-8FDC-42A3-9474-1A3956D46DE8}") = "Test", "Test", "{F293EC99-2B60-467E-96FD-D1842F060F49}"
EndProject
Project("{8BC9CEB8-8B4A-11D0-8D11-00A0C91BC942}") = "POCOEvent", "POCOEvent\POCOEvent.vcxproj", "{19A29D8A-3CF5-4948-9595-E2DACB64B994}"
EndProject
Global
	GlobalSection(SolutionConfigurationPlatforms) = preSolution
		Debug|Win32 = Debug|Win32
		Release|Win32 = Release|Win32
	EndGlobalSection
	GlobalSection(ProjectConfigurationPlatforms) = postSolution
		{7E2769AF-1414-44D5-8F31-2FBD9B23D11D}.Debug|Win32.ActiveCfg = Debug|Win32
		{7E2769AF-1414-44D5-8F31-2FBD9B23D11D}.Debug|Win32.Build.0 = Debug|Win32
		{7E2769AF-1414-44D5-8F31-2FBD9B23D11D}.Release|Win32.ActiveCfg = Release|Win32
		{7E2769AF-1414-44D5-8F31-2FBD9B23D11D}.Release|Win32.Build.0 = Release|Win32
		{7F05F8CE-FC78-422E-AE1F-BBFDDB84D7D3}.Debug|Win32.ActiveCfg = Debug|Win32
		{7F05F8CE-FC78-422E-AE1F-BBFDDB84D7D3}.Debug|Win32.Build.0 = Debug|Win32
		{7F05F8CE-FC78-422E-AE1F-BBFDDB84D7D3}.Release|Win32.ActiveCfg = Release|Win32
		{7F05F8CE-FC78-422E-AE1F-BBFDDB84D7D3}.Release|Win32.Build.0 = Release|Win32
		{D105F973-467F-4BAB-A74A-20EA0FABD5A1}.Debug|Win32.ActiveCfg = Debug|Win32
		{D105F973-467F-4BAB-A74A-20EA0FABD5A1}.Debug|Win32.Build.0 = Debug|Win32
		{D105F973-467F-4BAB-A74A-20EA0FABD5A1}.Release|Win32.ActiveCfg = Release|Win32
		{D105F973-467F-4BAB-A74A-20EA0FABD5A1}.Release|Win32.Build.0 = Release|Win32
		{ACD13FB5-5039-47AA-B0CB-B50AFD7D2CF2}.Debug|Win32.ActiveCfg = Debug|Win32
		{ACD13FB5-5039-47AA-B0CB-B50AFD7D2CF2}.Debug|Win32.Build.0 = Debug|Win32
		{ACD13FB5-5039-47AA-B0CB-B50AFD7D2CF2}.Release|Win32.ActiveCfg = Release|Win32
		{ACD13FB5-5039-47AA-B0CB-B50AFD7D2CF2}.Release|Win32.Build.0 = Release|Win32
		{19A29D8A-3CF5-4948-9595-E2DACB64B994}.Debug|Win32.ActiveCfg = Debug|Win32
		{19A29D8A-3CF5-4948-9595-E2DACB64B994}.Debug|Win32.Build.0 = Debug|Win32
		{19A29D8A-3CF5-4948-9595-E2DACB64B994}.Release|Win32.ActiveCfg = Release|Win32
		{19A29D8A-3CF5-4948-9595-E2DACB64B994}.Release|Win32.Build.0 = Release|Win32
	EndGlobalSection
	GlobalSection(SolutionProperties) = preSolution
		HideSolutionNode = FALSE
	EndGlobalSection
	GlobalSection(NestedProjects) = preSolution
		{ACD13FB5-5039-47AA-B0CB-B50AFD7D2CF2} = {F293EC99-2B60-467E-96FD-D1842F060F49}
		{7E2769AF-1414-44D5-8F31-2FBD9B23D11D} = {F293EC99-2B60-467E-96FD-D1842F060F49}
		{19A29D8A-3CF5-4948-9595-E2DACB64B994} = {F293EC99-2B60-467E-96FD-D1842F060F49}
	EndGlobalSection
EndGlobal
